// !$*UTF8*$!
{
	archiveVersion = 1;
	classes = {
	};
	objectVersion = 50;
	objects = {

/* Begin PBXBuildFile section */
		3F5E7A1020A7212800DE91D9 /* AppDelegate.swift in Sources */ = {isa = PBXBuildFile; fileRef = 3F5E7A0F20A7212800DE91D9 /* AppDelegate.swift */; };
		3F5E7A1220A7212800DE91D9 /* ViewController.swift in Sources */ = {isa = PBXBuildFile; fileRef = 3F5E7A1120A7212800DE91D9 /* ViewController.swift */; };
		3F5E7A1520A7212800DE91D9 /* Main.storyboard in Resources */ = {isa = PBXBuildFile; fileRef = 3F5E7A1320A7212800DE91D9 /* Main.storyboard */; };
		3F5E7A1720A7212A00DE91D9 /* Assets.xcassets in Resources */ = {isa = PBXBuildFile; fileRef = 3F5E7A1620A7212A00DE91D9 /* Assets.xcassets */; };
		3F5E7A1A20A7212A00DE91D9 /* LaunchScreen.storyboard in Resources */ = {isa = PBXBuildFile; fileRef = 3F5E7A1820A7212A00DE91D9 /* LaunchScreen.storyboard */; };
		3F5E7A2220A7215E00DE91D9 /* GoogleService-Info.plist in Resources */ = {isa = PBXBuildFile; fileRef = 3F5E7A2120A7215E00DE91D9 /* GoogleService-Info.plist */; };
		420EA593FE5CA98FE81116A5 /* Pods_Testapp.framework in Frameworks */ = {isa = PBXBuildFile; fileRef = 3BD9777D2E0EAF82F860C2BC /* Pods_Testapp.framework */; };
/* End PBXBuildFile section */

/* Begin PBXFileReference section */
		29482E093E23FF2594FE651E /* Pods-Testapp.release.xcconfig */ = {isa = PBXFileReference; includeInIndex = 1; lastKnownFileType = text.xcconfig; name = "Pods-Testapp.release.xcconfig"; path = "Pods/Target Support Files/Pods-Testapp/Pods-Testapp.release.xcconfig"; sourceTree = "<group>"; };
		3BD9777D2E0EAF82F860C2BC /* Pods_Testapp.framework */ = {isa = PBXFileReference; explicitFileType = wrapper.framework; includeInIndex = 0; path = Pods_Testapp.framework; sourceTree = BUILT_PRODUCTS_DIR; };
		3F5E7A0C20A7212800DE91D9 /* Testapp.app */ = {isa = PBXFileReference; explicitFileType = wrapper.application; includeInIndex = 0; path = Testapp.app; sourceTree = BUILT_PRODUCTS_DIR; };
		3F5E7A0F20A7212800DE91D9 /* AppDelegate.swift */ = {isa = PBXFileReference; lastKnownFileType = sourcecode.swift; path = AppDelegate.swift; sourceTree = "<group>"; };
		3F5E7A1120A7212800DE91D9 /* ViewController.swift */ = {isa = PBXFileReference; lastKnownFileType = sourcecode.swift; path = ViewController.swift; sourceTree = "<group>"; };
		3F5E7A1420A7212800DE91D9 /* Base */ = {isa = PBXFileReference; lastKnownFileType = file.storyboard; name = Base; path = Base.lproj/Main.storyboard; sourceTree = "<group>"; };
		3F5E7A1620A7212A00DE91D9 /* Assets.xcassets */ = {isa = PBXFileReference; lastKnownFileType = folder.assetcatalog; path = Assets.xcassets; sourceTree = "<group>"; };
		3F5E7A1920A7212A00DE91D9 /* Base */ = {isa = PBXFileReference; lastKnownFileType = file.storyboard; name = Base; path = Base.lproj/LaunchScreen.storyboard; sourceTree = "<group>"; };
		3F5E7A1B20A7212A00DE91D9 /* Info.plist */ = {isa = PBXFileReference; lastKnownFileType = text.plist.xml; path = Info.plist; sourceTree = "<group>"; };
		3F5E7A2120A7215E00DE91D9 /* GoogleService-Info.plist */ = {isa = PBXFileReference; fileEncoding = 4; lastKnownFileType = text.plist.xml; path = "GoogleService-Info.plist"; sourceTree = "<group>"; };
		45048FF89B4B4F03050E5B2E /* Pods-Testapp.debug.xcconfig */ = {isa = PBXFileReference; includeInIndex = 1; lastKnownFileType = text.xcconfig; name = "Pods-Testapp.debug.xcconfig"; path = "Pods/Target Support Files/Pods-Testapp/Pods-Testapp.debug.xcconfig"; sourceTree = "<group>"; };
/* End PBXFileReference section */

/* Begin PBXFrameworksBuildPhase section */
		3F5E7A0920A7212800DE91D9 /* Frameworks */ = {
			isa = PBXFrameworksBuildPhase;
			buildActionMask = 2147483647;
			files = (
				420EA593FE5CA98FE81116A5 /* Pods_Testapp.framework in Frameworks */,
			);
			runOnlyForDeploymentPostprocessing = 0;
		};
/* End PBXFrameworksBuildPhase section */

/* Begin PBXGroup section */
		3F5E7A0320A7212800DE91D9 = {
			isa = PBXGroup;
			children = (
				3F5E7A0E20A7212800DE91D9 /* Testapp */,
				3F5E7A0D20A7212800DE91D9 /* Products */,
				4C05AADBF79435F1DD45B6A7 /* Pods */,
				DD92CE65B23809A1F1FB445E /* Frameworks */,
			);
			sourceTree = "<group>";
		};
		3F5E7A0D20A7212800DE91D9 /* Products */ = {
			isa = PBXGroup;
			children = (
				3F5E7A0C20A7212800DE91D9 /* Testapp.app */,
			);
			name = Products;
			sourceTree = "<group>";
		};
		3F5E7A0E20A7212800DE91D9 /* Testapp */ = {
			isa = PBXGroup;
			children = (
				3F5E7A0F20A7212800DE91D9 /* AppDelegate.swift */,
				3F5E7A1120A7212800DE91D9 /* ViewController.swift */,
				3F5E7A1320A7212800DE91D9 /* Main.storyboard */,
				3F5E7A1620A7212A00DE91D9 /* Assets.xcassets */,
				3F5E7A1820A7212A00DE91D9 /* LaunchScreen.storyboard */,
				3F5E7A2120A7215E00DE91D9 /* GoogleService-Info.plist */,
				3F5E7A1B20A7212A00DE91D9 /* Info.plist */,
			);
			path = Testapp;
			sourceTree = "<group>";
		};
		4C05AADBF79435F1DD45B6A7 /* Pods */ = {
			isa = PBXGroup;
			children = (
				45048FF89B4B4F03050E5B2E /* Pods-Testapp.debug.xcconfig */,
				29482E093E23FF2594FE651E /* Pods-Testapp.release.xcconfig */,
			);
			name = Pods;
			sourceTree = "<group>";
		};
		DD92CE65B23809A1F1FB445E /* Frameworks */ = {
			isa = PBXGroup;
			children = (
				3BD9777D2E0EAF82F860C2BC /* Pods_Testapp.framework */,
			);
			name = Frameworks;
			sourceTree = "<group>";
		};
/* End PBXGroup section */

/* Begin PBXNativeTarget section */
		3F5E7A0B20A7212800DE91D9 /* Testapp */ = {
			isa = PBXNativeTarget;
			buildConfigurationList = 3F5E7A1E20A7212A00DE91D9 /* Build configuration list for PBXNativeTarget "Testapp" */;
			buildPhases = (
				0EA61546F54C0A9FA6AB1A7C /* [CP] Check Pods Manifest.lock */,
				3F5E7A0820A7212800DE91D9 /* Sources */,
				3F5E7A0920A7212800DE91D9 /* Frameworks */,
				3F5E7A0A20A7212800DE91D9 /* Resources */,
				AEC67D69664876BAFFE2E209 /* [CP] Embed Pods Frameworks */,
			);
			buildRules = (
			);
			dependencies = (
			);
			name = Testapp;
			productName = Testapp;
			productReference = 3F5E7A0C20A7212800DE91D9 /* Testapp.app */;
			productType = "com.apple.product-type.application";
		};
/* End PBXNativeTarget section */

/* Begin PBXProject section */
		3F5E7A0420A7212800DE91D9 /* Project object */ = {
			isa = PBXProject;
			attributes = {
				LastSwiftUpdateCheck = 0930;
				LastUpgradeCheck = 0930;
				ORGANIZATIONNAME = rikokurniawan;
				TargetAttributes = {
					3F5E7A0B20A7212800DE91D9 = {
						CreatedOnToolsVersion = 9.3;
					};
				};
			};
			buildConfigurationList = 3F5E7A0720A7212800DE91D9 /* Build configuration list for PBXProject "Testapp" */;
			compatibilityVersion = "Xcode 9.3";
			developmentRegion = en;
			hasScannedForEncodings = 0;
			knownRegions = (
				en,
				Base,
			);
			mainGroup = 3F5E7A0320A7212800DE91D9;
			productRefGroup = 3F5E7A0D20A7212800DE91D9 /* Products */;
			projectDirPath = "";
			projectRoot = "";
			targets = (
				3F5E7A0B20A7212800DE91D9 /* Testapp */,
			);
		};
/* End PBXProject section */

/* Begin PBXResourcesBuildPhase section */
		3F5E7A0A20A7212800DE91D9 /* Resources */ = {
			isa = PBXResourcesBuildPhase;
			buildActionMask = 2147483647;
			files = (
				3F5E7A1A20A7212A00DE91D9 /* LaunchScreen.storyboard in Resources */,
				3F5E7A2220A7215E00DE91D9 /* GoogleService-Info.plist in Resources */,
				3F5E7A1720A7212A00DE91D9 /* Assets.xcassets in Resources */,
				3F5E7A1520A7212800DE91D9 /* Main.storyboard in Resources */,
			);
			runOnlyForDeploymentPostprocessing = 0;
		};
/* End PBXResourcesBuildPhase section */

/* Begin PBXShellScriptBuildPhase section */
		0EA61546F54C0A9FA6AB1A7C /* [CP] Check Pods Manifest.lock */ = {
			isa = PBXShellScriptBuildPhase;
			buildActionMask = 2147483647;
			files = (
			);
			inputPaths = (
				"${PODS_PODFILE_DIR_PATH}/Podfile.lock",
				"${PODS_ROOT}/Manifest.lock",
			);
			name = "[CP] Check Pods Manifest.lock";
			outputPaths = (
				"$(DERIVED_FILE_DIR)/Pods-Testapp-checkManifestLockResult.txt",
			);
			runOnlyForDeploymentPostprocessing = 0;
			shellPath = /bin/sh;
			shellScript = "diff \"${PODS_PODFILE_DIR_PATH}/Podfile.lock\" \"${PODS_ROOT}/Manifest.lock\" > /dev/null\nif [ $? != 0 ] ; then\n    # print error to STDERR\n    echo \"error: The sandbox is not in sync with the Podfile.lock. Run 'pod install' or update your CocoaPods installation.\" >&2\n    exit 1\nfi\n# This output is used by Xcode 'outputs' to avoid re-running this script phase.\necho \"SUCCESS\" > \"${SCRIPT_OUTPUT_FILE_0}\"\n";
			showEnvVarsInLog = 0;
		};
		AEC67D69664876BAFFE2E209 /* [CP] Embed Pods Frameworks */ = {
			isa = PBXShellScriptBuildPhase;
			buildActionMask = 2147483647;
			files = (
			);
			inputPaths = (
				"${SRCROOT}/Pods/Target Support Files/Pods-Testapp/Pods-Testapp-frameworks.sh",
				"${BUILT_PRODUCTS_DIR}/GTMSessionFetcher/GTMSessionFetcher.framework",
				"${BUILT_PRODUCTS_DIR}/GoogleToolboxForMac/GoogleToolboxForMac.framework",
				"${BUILT_PRODUCTS_DIR}/nanopb/nanopb.framework",
			);
			name = "[CP] Embed Pods Frameworks";
			outputPaths = (
				"${TARGET_BUILD_DIR}/${FRAMEWORKS_FOLDER_PATH}/GTMSessionFetcher.framework",
				"${TARGET_BUILD_DIR}/${FRAMEWORKS_FOLDER_PATH}/GoogleToolboxForMac.framework",
				"${TARGET_BUILD_DIR}/${FRAMEWORKS_FOLDER_PATH}/nanopb.framework",
			);
			runOnlyForDeploymentPostprocessing = 0;
			shellPath = /bin/sh;
			shellScript = "\"${SRCROOT}/Pods/Target Support Files/Pods-Testapp/Pods-Testapp-frameworks.sh\"\n";
			showEnvVarsInLog = 0;
		};
/* End PBXShellScriptBuildPhase section */

/* Begin PBXSourcesBuildPhase section */
		3F5E7A0820A7212800DE91D9 /* Sources */ = {
			isa = PBXSourcesBuildPhase;
			buildActionMask = 2147483647;
			files = (
				3F5E7A1220A7212800DE91D9 /* ViewController.swift in Sources */,
				3F5E7A1020A7212800DE91D9 /* AppDelegate.swift in Sources */,
			);
			runOnlyForDeploymentPostprocessing = 0;
		};
/* End PBXSourcesBuildPhase section */

/* Begin PBXVariantGroup section */
		3F5E7A1320A7212800DE91D9 /* Main.storyboard */ = {
			isa = PBXVariantGroup;
			children = (
				3F5E7A1420A7212800DE91D9 /* Base */,
			);
			name = Main.storyboard;
			sourceTree = "<group>";
		};
		3F5E7A1820A7212A00DE91D9 /* LaunchScreen.storyboard */ = {
			isa = PBXVariantGroup;
			children = (
				3F5E7A1920A7212A00DE91D9 /* Base */,
			);
			name = LaunchScreen.storyboard;
			sourceTree = "<group>";
		};
/* End PBXVariantGroup section */

/* Begin XCBuildConfiguration section */
		3F5E7A1C20A7212A00DE91D9 /* Debug */ = {
			isa = XCBuildConfiguration;
			buildSettings = {
				ALWAYS_SEARCH_USER_PATHS = NO;
				CLANG_ANALYZER_NONNULL = YES;
				CLANG_ANALYZER_NUMBER_OBJECT_CONVERSION = YES_AGGRESSIVE;
				CLANG_CXX_LANGUAGE_STANDARD = "gnu++14";
				CLANG_CXX_LIBRARY = "libc++";
				CLANG_ENABLE_MODULES = YES;
				CLANG_ENABLE_OBJC_ARC = YES;
				CLANG_ENABLE_OBJC_WEAK = YES;
				CLANG_WARN_BLOCK_CAPTURE_AUTORELEASING = YES;
				CLANG_WARN_BOOL_CONVERSION = YES;
				CLANG_WARN_COMMA = YES;
				CLANG_WARN_CONSTANT_CONVERSION = YES;
				CLANG_WARN_DEPRECATED_OBJC_IMPLEMENTATIONS = YES;
				CLANG_WARN_DIRECT_OBJC_ISA_USAGE = YES_ERROR;
				CLANG_WARN_DOCUMENTATION_COMMENTS = YES;
				CLANG_WARN_EMPTY_BODY = YES;
				CLANG_WARN_ENUM_CONVERSION = YES;
				CLANG_WARN_INFINITE_RECURSION = YES;
				CLANG_WARN_INT_CONVERSION = YES;
				CLANG_WARN_NON_LITERAL_NULL_CONVERSION = YES;
				CLANG_WARN_OBJC_IMPLICIT_RETAIN_SELF = YES;
				CLANG_WARN_OBJC_LITERAL_CONVERSION = YES;
				CLANG_WARN_OBJC_ROOT_CLASS = YES_ERROR;
				CLANG_WARN_RANGE_LOOP_ANALYSIS = YES;
				CLANG_WARN_STRICT_PROTOTYPES = YES;
				CLANG_WARN_SUSPICIOUS_MOVE = YES;
				CLANG_WARN_UNGUARDED_AVAILABILITY = YES_AGGRESSIVE;
				CLANG_WARN_UNREACHABLE_CODE = YES;
				CLANG_WARN__DUPLICATE_METHOD_MATCH = YES;
				CODE_SIGN_IDENTITY = "iPhone Developer";
				COPY_PHASE_STRIP = NO;
				DEBUG_INFORMATION_FORMAT = dwarf;
				ENABLE_STRICT_OBJC_MSGSEND = YES;
				ENABLE_TESTABILITY = YES;
				GCC_C_LANGUAGE_STANDARD = gnu11;
				GCC_DYNAMIC_NO_PIC = NO;
				GCC_NO_COMMON_BLOCKS = YES;
				GCC_OPTIMIZATION_LEVEL = 0;
				GCC_PREPROCESSOR_DEFINITIONS = (
					"DEBUG=1",
					"$(inherited)",
				);
				GCC_WARN_64_TO_32_BIT_CONVERSION = YES;
				GCC_WARN_ABOUT_RETURN_TYPE = YES_ERROR;
				GCC_WARN_UNDECLARED_SELECTOR = YES;
				GCC_WARN_UNINITIALIZED_AUTOS = YES_AGGRESSIVE;
				GCC_WARN_UNUSED_FUNCTION = YES;
				GCC_WARN_UNUSED_VARIABLE = YES;
				IPHONEOS_DEPLOYMENT_TARGET = 11.3;
				MTL_ENABLE_DEBUG_INFO = YES;
				ONLY_ACTIVE_ARCH = YES;
				SDKROOT = iphoneos;
				SWIFT_ACTIVE_COMPILATION_CONDITIONS = DEBUG;
				SWIFT_OPTIMIZATION_LEVEL = "-Onone";
			};
			name = Debug;
		};
		3F5E7A1D20A7212A00DE91D9 /* Release */ = {
			isa = XCBuildConfiguration;
			buildSettings = {
				ALWAYS_SEARCH_USER_PATHS = NO;
				CLANG_ANALYZER_NONNULL = YES;
				CLANG_ANALYZER_NUMBER_OBJECT_CONVERSION = YES_AGGRESSIVE;
				CLANG_CXX_LANGUAGE_STANDARD = "gnu++14";
				CLANG_CXX_LIBRARY = "libc++";
				CLANG_ENABLE_MODULES = YES;
				CLANG_ENABLE_OBJC_ARC = YES;
				CLANG_ENABLE_OBJC_WEAK = YES;
				CLANG_WARN_BLOCK_CAPTURE_AUTORELEASING = YES;
				CLANG_WARN_BOOL_CONVERSION = YES;
				CLANG_WARN_COMMA = YES;
				CLANG_WARN_CONSTANT_CONVERSION = YES;
				CLANG_WARN_DEPRECATED_OBJC_IMPLEMENTATIONS = YES;
				CLANG_WARN_DIRECT_OBJC_ISA_USAGE = YES_ERROR;
				CLANG_WARN_DOCUMENTATION_COMMENTS = YES;
				CLANG_WARN_EMPTY_BODY = YES;
				CLANG_WARN_ENUM_CONVERSION = YES;
				CLANG_WARN_INFINITE_RECURSION = YES;
				CLANG_WARN_INT_CONVERSION = YES;
				CLANG_WARN_NON_LITERAL_NULL_CONVERSION = YES;
				CLANG_WARN_OBJC_IMPLICIT_RETAIN_SELF = YES;
				CLANG_WARN_OBJC_LITERAL_CONVERSION = YES;
				CLANG_WARN_OBJC_ROOT_CLASS = YES_ERROR;
				CLANG_WARN_RANGE_LOOP_ANALYSIS = YES;
				CLANG_WARN_STRICT_PROTOTYPES = YES;
				CLANG_WARN_SUSPICIOUS_MOVE = YES;
				CLANG_WARN_UNGUARDED_AVAILABILITY = YES_AGGRESSIVE;
				CLANG_WARN_UNREACHABLE_CODE = YES;
				CLANG_WARN__DUPLICATE_METHOD_MATCH = YES;
				CODE_SIGN_IDENTITY = "iPhone Developer";
				COPY_PHASE_STRIP = NO;
				DEBUG_INFORMATION_FORMAT = "dwarf-with-dsym";
				ENABLE_NS_ASSERTIONS = NO;
				ENABLE_STRICT_OBJC_MSGSEND = YES;
				GCC_C_LANGUAGE_STANDARD = gnu11;
				GCC_NO_COMMON_BLOCKS = YES;
				GCC_WARN_64_TO_32_BIT_CONVERSION = YES;
				GCC_WARN_ABOUT_RETURN_TYPE = YES_ERROR;
				GCC_WARN_UNDECLARED_SELECTOR = YES;
				GCC_WARN_UNINITIALIZED_AUTOS = YES_AGGRESSIVE;
				GCC_WARN_UNUSED_FUNCTION = YES;
				GCC_WARN_UNUSED_VARIABLE = YES;
				IPHONEOS_DEPLOYMENT_TARGET = 11.3;
				MTL_ENABLE_DEBUG_INFO = NO;
				SDKROOT = iphoneos;
				SWIFT_COMPILATION_MODE = wholemodule;
				SWIFT_OPTIMIZATION_LEVEL = "-O";
				VALIDATE_PRODUCT = YES;
			};
			name = Release;
		};
		3F5E7A1F20A7212A00DE91D9 /* Debug */ = {
			isa = XCBuildConfiguration;
			baseConfigurationReference = 45048FF89B4B4F03050E5B2E /* Pods-Testapp.debug.xcconfig */;
			buildSettings = {
				ASSETCATALOG_COMPILER_APPICON_NAME = AppIcon;
				CODE_SIGN_STYLE = Automatic;
				INFOPLIST_FILE = Testapp/Info.plist;
				LD_RUNPATH_SEARCH_PATHS = (
					"$(inherited)",
					"@executable_path/Frameworks",
				);
				PRODUCT_BUNDLE_IDENTIFIER = rik.develop.Testapp;
				PRODUCT_NAME = "$(TARGET_NAME)";
				SWIFT_VERSION = 4.0;
				TARGETED_DEVICE_FAMILY = "1,2";
			};
			name = Debug;
		};
		3F5E7A2020A7212A00DE91D9 /* Release */ = {
			isa = XCBuildConfiguration;
			baseConfigurationReference = 29482E093E23FF2594FE651E /* Pods-Testapp.release.xcconfig */;
			buildSettings = {
				ASSETCATALOG_COMPILER_APPICON_NAME = AppIcon;
				CODE_SIGN_STYLE = Automatic;
				INFOPLIST_FILE = Testapp/Info.plist;
				LD_RUNPATH_SEARCH_PATHS = (
					"$(inherited)",
					"@executable_path/Frameworks",
				);
				PRODUCT_BUNDLE_IDENTIFIER = rik.develop.Testapp;
				PRODUCT_NAME = "$(TARGET_NAME)";
				SWIFT_VERSION = 4.0;
				TARGETED_DEVICE_FAMILY = "1,2";
			};
			name = Release;
		};
/* End XCBuildConfiguration section */

/* Begin XCConfigurationList section */
		3F5E7A0720A7212800DE91D9 /* Build configuration list for PBXProject "Testapp" */ = {
			isa = XCConfigurationList;
			buildConfigurations = (
				3F5E7A1C20A7212A00DE91D9 /* Debug */,
				3F5E7A1D20A7212A00DE91D9 /* Release */,
			);
			defaultConfigurationIsVisible = 0;
			defaultConfigurationName = Release;
		};
		3F5E7A1E20A7212A00DE91D9 /* Build configuration list for PBXNativeTarget "Testapp" */ = {
			isa = XCConfigurationList;
			buildConfigurations = (
				3F5E7A1F20A7212A00DE91D9 /* Debug */,
				3F5E7A2020A7212A00DE91D9 /* Release */,
			);
			defaultConfigurationIsVisible = 0;
			defaultConfigurationName = Release;
		};
/* End XCConfigurationList section */
	};
	rootObject = 3F5E7A0420A7212800DE91D9 /* Project object */;
}
